
Microsoft Visual Studio Solution File, Format Version 12.00
# Visual Studio 15
VisualStudioVersion = 15.0.28307.645
MinimumVisualStudioVersion = 10.0.40219.1
Project("{FAE04EC0-301F-11D3-BF4B-00C04F79EFBC}") = "MoneyStat", "MoneyStat\MoneyStat.csproj", "{8AA9A090-516C-4BBD-A6ED-9D7E2418EA75}"
EndProject
Global
	GlobalSection(SolutionConfigurationPlatforms) = preSolution
		Debug|Any CPU = Debug|Any CPU
		Release|Any CPU = Release|Any CPU
	EndGlobalSection
	GlobalSection(ProjectConfigurationPlatforms) = postSolution
		{8AA9A090-516C-4BBD-A6ED-9D7E2418EA75}.Debug|Any CPU.ActiveCfg = Debug|Any CPU
		{8AA9A090-516C-4BBD-A6ED-9D7E2418EA75}.Debug|Any CPU.Build.0 = Debug|Any CPU
		{8AA9A090-516C-4BBD-A6ED-9D7E2418EA75}.Release|Any CPU.ActiveCfg = Release|Any CPU
		{8AA9A090-516C-4BBD-A6ED-9D7E2418EA75}.Release|Any CPU.Build.0 = Release|Any CPU
	EndGlobalSection
	GlobalSection(SolutionProperties) = preSolution
		HideSolutionNode = FALSE
	EndGlobalSection
	GlobalSection(ExtensibilityGlobals) = postSolution
		SolutionGuid = {68F7CCE9-61F4-47A5-89D4-8FEC47DEB09E}
	EndGlobalSection
EndGlobal
